Microsoft Visual Studio Solution File, Format Version 12.00
# Visual Studio Version 16
VisualStudioVersion = 16.0.32630.194
MinimumVisualStudioVersion = 10.0.40219.1
Project("{FAE04EC0-301F-11D3-BF4B-00C04F79EFBC}") = "BurglarHate", "BurglarHate\BurglarHate.csproj", "{4313D783-13F9-4189-B6E7-D5E178DAEEB5}"
EndProject
Global
	GlobalSection(SolutionConfigurationPlatforms) = preSolution
		Debug|Any CPU = Debug|Any CPU
		Release|Any CPU = Release|Any CPU
	EndGlobalSection
	GlobalSection(ProjectConfigurationPlatforms) = postSolution
		{4313D783-13F9-4189-B6E7-D5E178DAEEB5}.Debug|Any CPU.ActiveCfg = Debug|Any CPU
		{4313D783-13F9-4189-B6E7-D5E178DAEEB5}.Debug|Any CPU.Build.0 = Debug|Any CPU
		{4313D783-13F9-4189-B6E7-D5E178DAEEB5}.Release|Any CPU.ActiveCfg = Release|Any CPU
		{4313D783-13F9-4189-B6E7-D5E178DAEEB5}.Release|Any CPU.Build.0 = Release|Any CPU
	EndGlobalSection
	GlobalSection(SolutionProperties) = preSolution
		HideSolutionNode = FALSE
	EndGlobalSection
	GlobalSection(ExtensibilityGlobals) = postSolution
		SolutionGuid = {E75F2F82-17A6-47B6-94D9-FA97F2DD875C}
	EndGlobalSection
EndGlobal
